
Microsoft Visual Studio Solution File, Format Version 12.00
# Visual Studio Version 17
VisualStudioVersion = 17.10.35027.167
MinimumVisualStudioVersion = 10.0.40219.1
Project("{2150E333-8FDC-42A3-9474-1A3956D46DE8}") = "src", "src", "{F3818752-939D-4082-B019-541A4A1F4A7F}"
EndProject
Project("{2150E333-8FDC-42A3-9474-1A3956D46DE8}") = "core", "core", "{823E63B7-BE03-41A5-BE6B-65D4C655E6FA}"
EndProject
Project("{FAE04EC0-301F-11D3-BF4B-00C04F79EFBC}") = "TestApp.Domain", "src\Core\TestApp.Domain\TestApp.Domain.csproj", "{82BFEB8A-AE83-4CEE-BFA6-2C5F731D230B}"
EndProject
Global
	GlobalSection(SolutionConfigurationPlatforms) = preSolution
		Debug|Any CPU = Debug|Any CPU
		Release|Any CPU = Release|Any CPU
	EndGlobalSection
	GlobalSection(ProjectConfigurationPlatforms) = postSolution
		{82BFEB8A-AE83-4CEE-BFA6-2C5F731D230B}.Debug|Any CPU.ActiveCfg = Debug|Any CPU
		{82BFEB8A-AE83-4CEE-BFA6-2C5F731D230B}.Debug|Any CPU.Build.0 = Debug|Any CPU
		{82BFEB8A-AE83-4CEE-BFA6-2C5F731D230B}.Release|Any CPU.ActiveCfg = Release|Any CPU
		{82BFEB8A-AE83-4CEE-BFA6-2C5F731D230B}.Release|Any CPU.Build.0 = Release|Any CPU
	EndGlobalSection
	GlobalSection(SolutionProperties) = preSolution
		HideSolutionNode = FALSE
	EndGlobalSection
	GlobalSection(NestedProjects) = preSolution
		{823E63B7-BE03-41A5-BE6B-65D4C655E6FA} = {F3818752-939D-4082-B019-541A4A1F4A7F}
		{82BFEB8A-AE83-4CEE-BFA6-2C5F731D230B} = {823E63B7-BE03-41A5-BE6B-65D4C655E6FA}
	EndGlobalSection
	GlobalSection(ExtensibilityGlobals) = postSolution
		SolutionGuid = {BD93AF30-FC37-4CA2-96CD-5E5E15BBC402}
	EndGlobalSection
EndGlobal
